// !$*UTF8*$!
{
	archiveVersion = 1;
	classes = {
	};
	objectVersion = 46;
	objects = {

/* Begin PBXBuildFile section */
		5117C2871C0FA6C200B0F8CF /* GravitationViewController.swift in Sources */ = {isa = PBXBuildFile; fileRef = 5117C2861C0FA6C200B0F8CF /* GravitationViewController.swift */; };
		5117C2891C0FA77300B0F8CF /* CollisionsViewController.swift in Sources */ = {isa = PBXBuildFile; fileRef = 5117C2881C0FA77300B0F8CF /* CollisionsViewController.swift */; };
		5117C28D1C0FA82800B0F8CF /* SpringViewController.swift in Sources */ = {isa = PBXBuildFile; fileRef = 5117C28C1C0FA82800B0F8CF /* SpringViewController.swift */; };
		5124779E1C0FB167008D4D58 /* DoR1.jpg in Resources */ = {isa = PBXBuildFile; fileRef = 5124779D1C0FB167008D4D58 /* DoR1.jpg */; };
		512477A01C0FB432008D4D58 /* DoR2.png in Resources */ = {isa = PBXBuildFile; fileRef = 5124779F1C0FB432008D4D58 /* DoR2.png */; };
		5143C2AE1C0FA1B900D331D9 /* AppDelegate.swift in Sources */ = {isa = PBXBuildFile; fileRef = 5143C2AD1C0FA1B900D331D9 /* AppDelegate.swift */; };
		5143C2B01C0FA1B900D331D9 /* ViewController.swift in Sources */ = {isa = PBXBuildFile; fileRef = 5143C2AF1C0FA1B900D331D9 /* ViewController.swift */; };
		5143C2B31C0FA1B900D331D9 /* Main.storyboard in Resources */ = {isa = PBXBuildFile; fileRef = 5143C2B11C0FA1B900D331D9 /* Main.storyboard */; };
		5143C2B51C0FA1B900D331D9 /* Assets.xcassets in Resources */ = {isa = PBXBuildFile; fileRef = 5143C2B41C0FA1B900D331D9 /* Assets.xcassets */; };
		5143C2B81C0FA1B900D331D9 /* LaunchScreen.storyboard in Resources */ = {isa = PBXBuildFile; fileRef = 5143C2B61C0FA1B900D331D9 /* LaunchScreen.storyboard */; };
		518CEC101C10402300C6C6C3 /* AttachmentViewController.swift in Sources */ = {isa = PBXBuildFile; fileRef = 518CEC0F1C10402300C6C6C3 /* AttachmentViewController.swift */; };
/* End PBXBuildFile section */

/* Begin PBXFileReference section */
		5117C2861C0FA6C200B0F8CF /* GravitationViewController.swift */ = {isa = PBXFileReference; fileEncoding = 4; lastKnownFileType = sourcecode.swift; path = GravitationViewController.swift; sourceTree = "<group>"; };
		5117C2881C0FA77300B0F8CF /* CollisionsViewController.swift */ = {isa = PBXFileReference; fileEncoding = 4; lastKnownFileType = sourcecode.swift; path = CollisionsViewController.swift; sourceTree = "<group>"; };
		5117C28C1C0FA82800B0F8CF /* SpringViewController.swift */ = {isa = PBXFileReference; fileEncoding = 4; lastKnownFileType = sourcecode.swift; path = SpringViewController.swift; sourceTree = "<group>"; };
		5124779D1C0FB167008D4D58 /* DoR1.jpg */ = {isa = PBXFileReference; lastKnownFileType = image.jpeg; path = DoR1.jpg; sourceTree = "<group>"; };
		5124779F1C0FB432008D4D58 /* DoR2.png */ = {isa = PBXFileReference; lastKnownFileType = image.png; path = DoR2.png; sourceTree = "<group>"; };
		5143C2AA1C0FA1B900D331D9 /* UIKitDynamics.app */ = {isa = PBXFileReference; explicitFileType = wrapper.application; includeInIndex = 0; path = UIKitDynamics.app; sourceTree = BUILT_PRODUCTS_DIR; };
		5143C2AD1C0FA1B900D331D9 /* AppDelegate.swift */ = {isa = PBXFileReference; lastKnownFileType = sourcecode.swift; path = AppDelegate.swift; sourceTree = "<group>"; };
		5143C2AF1C0FA1B900D331D9 /* ViewController.swift */ = {isa = PBXFileReference; lastKnownFileType = sourcecode.swift; path = ViewController.swift; sourceTree = "<group>"; };
		5143C2B21C0FA1B900D331D9 /* Base */ = {isa = PBXFileReference; lastKnownFileType = file.storyboard; name = Base; path = Base.lproj/Main.storyboard; sourceTree = "<group>"; };
		5143C2B41C0FA1B900D331D9 /* Assets.xcassets */ = {isa = PBXFileReference; lastKnownFileType = folder.assetcatalog; path = Assets.xcassets; sourceTree = "<group>"; };
		5143C2B71C0FA1B900D331D9 /* Base */ = {isa = PBXFileReference; lastKnownFileType = file.storyboard; name = Base; path = Base.lproj/LaunchScreen.storyboard; sourceTree = "<group>"; };
		5143C2B91C0FA1B900D331D9 /* Info.plist */ = {isa = PBXFileReference; lastKnownFileType = text.plist.xml; path = Info.plist; sourceTree = "<group>"; };
		518CEC0F1C10402300C6C6C3 /* AttachmentViewController.swift */ = {isa = PBXFileReference; fileEncoding = 4; lastKnownFileType = sourcecode.swift; path = AttachmentViewController.swift; sourceTree = "<group>"; };
/* End PBXFileReference section */

/* Begin PBXFrameworksBuildPhase section */
		5143C2A71C0FA1B900D331D9 /* Frameworks */ = {
			isa = PBXFrameworksBuildPhase;
			buildActionMask = 2147483647;
			files = (
			);
			runOnlyForDeploymentPostprocessing = 0;
		};
/* End PBXFrameworksBuildPhase section */

/* Begin PBXGroup section */
		5143C2A11C0FA1B900D331D9 = {
			isa = PBXGroup;
			children = (
				5143C2AC1C0FA1B900D331D9 /* UIKitDynamics */,
				5143C2AB1C0FA1B900D331D9 /* Products */,
			);
			sourceTree = "<group>";
		};
		5143C2AB1C0FA1B900D331D9 /* Products */ = {
			isa = PBXGroup;
			children = (
				5143C2AA1C0FA1B900D331D9 /* UIKitDynamics.app */,
			);
			name = Products;
			sourceTree = "<group>";
		};
		5143C2AC1C0FA1B900D331D9 /* UIKitDynamics */ = {
			isa = PBXGroup;
			children = (
				5143C2AD1C0FA1B900D331D9 /* AppDelegate.swift */,
				5143C2AF1C0FA1B900D331D9 /* ViewController.swift */,
				5117C2861C0FA6C200B0F8CF /* GravitationViewController.swift */,
				5117C2881C0FA77300B0F8CF /* CollisionsViewController.swift */,
				518CEC0F1C10402300C6C6C3 /* AttachmentViewController.swift */,
				5117C28C1C0FA82800B0F8CF /* SpringViewController.swift */,
				5143C2B11C0FA1B900D331D9 /* Main.storyboard */,
				5143C2B41C0FA1B900D331D9 /* Assets.xcassets */,
				5143C2B61C0FA1B900D331D9 /* LaunchScreen.storyboard */,
				5143C2B91C0FA1B900D331D9 /* Info.plist */,
				5124779D1C0FB167008D4D58 /* DoR1.jpg */,
				5124779F1C0FB432008D4D58 /* DoR2.png */,
			);
			path = UIKitDynamics;
			sourceTree = "<group>";
		};
/* End PBXGroup section */

/* Begin PBXNativeTarget section */
		5143C2A91C0FA1B900D331D9 /* UIKitDynamics */ = {
			isa = PBXNativeTarget;
			buildConfigurationList = 5143C2BC1C0FA1B900D331D9 /* Build configuration list for PBXNativeTarget "UIKitDynamics" */;
			buildPhases = (
				5143C2A61C0FA1B900D331D9 /* Sources */,
				5143C2A71C0FA1B900D331D9 /* Frameworks */,
				5143C2A81C0FA1B900D331D9 /* Resources */,
			);
			buildRules = (
			);
			dependencies = (
			);
			name = UIKitDynamics;
			productName = UIKitDynamics;
			productReference = 5143C2AA1C0FA1B900D331D9 /* UIKitDynamics.app */;
			productType = "com.apple.product-type.application";
		};
/* End PBXNativeTarget section */

/* Begin PBXProject section */
		5143C2A21C0FA1B900D331D9 /* Project object */ = {
			isa = PBXProject;
			attributes = {
				LastSwiftUpdateCheck = 0710;
				LastUpgradeCheck = 0710;
				ORGANIZATIONNAME = AppStarter;
				TargetAttributes = {
					5143C2A91C0FA1B900D331D9 = {
						CreatedOnToolsVersion = 7.1.1;
					};
				};
			};
			buildConfigurationList = 5143C2A51C0FA1B900D331D9 /* Build configuration list for PBXProject "UIKitDynamics" */;
			compatibilityVersion = "Xcode 3.2";
			developmentRegion = English;
			hasScannedForEncodings = 0;
			knownRegions = (
				en,
				Base,
			);
			mainGroup = 5143C2A11C0FA1B900D331D9;
			productRefGroup = 5143C2AB1C0FA1B900D331D9 /* Products */;
			projectDirPath = "";
			projectRoot = "";
			targets = (
				5143C2A91C0FA1B900D331D9 /* UIKitDynamics */,
			);
		};
/* End PBXProject section */

/* Begin PBXResourcesBuildPhase section */
		5143C2A81C0FA1B900D331D9 /* Resources */ = {
			isa = PBXResourcesBuildPhase;
			buildActionMask = 2147483647;
			files = (
				5124779E1C0FB167008D4D58 /* DoR1.jpg in Resources */,
				5143C2B81C0FA1B900D331D9 /* LaunchScreen.storyboard in Resources */,
				5143C2B51C0FA1B900D331D9 /* Assets.xcassets in Resources */,
				5143C2B31C0FA1B900D331D9 /* Main.storyboard in Resources */,
				512477A01C0FB432008D4D58 /* DoR2.png in Resources */,
			);
			runOnlyForDeploymentPostprocessing = 0;
		};
/* End PBXResourcesBuildPhase section */

/* Begin PBXSourcesBuildPhase section */
		5143C2A61C0FA1B900D331D9 /* Sources */ = {
			isa = PBXSourcesBuildPhase;
			buildActionMask = 2147483647;
			files = (
				5143C2B01C0FA1B900D331D9 /* ViewController.swift in Sources */,
				5117C2871C0FA6C200B0F8CF /* GravitationViewController.swift in Sources */,
				5143C2AE1C0FA1B900D331D9 /* AppDelegate.swift in Sources */,
				518CEC101C10402300C6C6C3 /* AttachmentViewController.swift in Sources */,
				5117C2891C0FA77300B0F8CF /* CollisionsViewController.swift in Sources */,
				5117C28D1C0FA82800B0F8CF /* SpringViewController.swift in Sources */,
			);
			runOnlyForDeploymentPostprocessing = 0;
		};
/* End PBXSourcesBuildPhase section */

/* Begin PBXVariantGroup section */
		5143C2B11C0FA1B900D331D9 /* Main.storyboard */ = {
			isa = PBXVariantGroup;
			children = (
				5143C2B21C0FA1B900D331D9 /* Base */,
			);
			name = Main.storyboard;
			sourceTree = "<group>";
		};
		5143C2B61C0FA1B900D331D9 /* LaunchScreen.storyboard */ = {
			isa = PBXVariantGroup;
			children = (
				5143C2B71C0FA1B900D331D9 /* Base */,
			);
			name = LaunchScreen.storyboard;
			sourceTree = "<group>";
		};
/* End PBXVariantGroup section */

/* Begin XCBuildConfiguration section */
		5143C2BA1C0FA1B900D331D9 /* Debug */ = {
			isa = XCBuildConfiguration;
			buildSettings = {
				ALWAYS_SEARCH_USER_PATHS = NO;
				CLANG_CXX_LANGUAGE_STANDARD = "gnu++0x";
				CLANG_CXX_LIBRARY = "libc++";
				CLANG_ENABLE_MODULES = YES;
				CLANG_ENABLE_OBJC_ARC = YES;
				CLANG_WARN_BOOL_CONVERSION = YES;
				CLANG_WARN_CONSTANT_CONVERSION = YES;
				CLANG_WARN_DIRECT_OBJC_ISA_USAGE = YES_ERROR;
				CLANG_WARN_EMPTY_BODY = YES;
				CLANG_WARN_ENUM_CONVERSION = YES;
				CLANG_WARN_INT_CONVERSION = YES;
				CLANG_WARN_OBJC_ROOT_CLASS = YES_ERROR;
				CLANG_WARN_UNREACHABLE_CODE = YES;
				CLANG_WARN__DUPLICATE_METHOD_MATCH = YES;
				"CODE_SIGN_IDENTITY[sdk=iphoneos*]" = "iPhone Developer";
				COPY_PHASE_STRIP = NO;
				DEBUG_INFORMATION_FORMAT = dwarf;
				ENABLE_STRICT_OBJC_MSGSEND = YES;
				ENABLE_TESTABILITY = YES;
				GCC_C_LANGUAGE_STANDARD = gnu99;
				GCC_DYNAMIC_NO_PIC = NO;
				GCC_NO_COMMON_BLOCKS = YES;
				GCC_OPTIMIZATION_LEVEL = 0;
				GCC_PREPROCESSOR_DEFINITIONS = (
					"DEBUG=1",
					"$(inherited)",
				);
				GCC_WARN_64_TO_32_BIT_CONVERSION = YES;
				GCC_WARN_ABOUT_RETURN_TYPE = YES_ERROR;
				GCC_WARN_UNDECLARED_SELECTOR = YES;
				GCC_WARN_UNINITIALIZED_AUTOS = YES_AGGRESSIVE;
				GCC_WARN_UNUSED_FUNCTION = YES;
				GCC_WARN_UNUSED_VARIABLE = YES;
				IPHONEOS_DEPLOYMENT_TARGET = 9.1;
				MTL_ENABLE_DEBUG_INFO = YES;
				ONLY_ACTIVE_ARCH = YES;
				SDKROOT = iphoneos;
				SWIFT_OPTIMIZATION_LEVEL = "-Onone";
			};
			name = Debug;
		};
		5143C2BB1C0FA1B900D331D9 /* Release */ = {
			isa = XCBuildConfiguration;
			buildSettings = {
				ALWAYS_SEARCH_USER_PATHS = NO;
				CLANG_CXX_LANGUAGE_STANDARD = "gnu++0x";
				CLANG_CXX_LIBRARY = "libc++";
				CLANG_ENABLE_MODULES = YES;
				CLANG_ENABLE_OBJC_ARC = YES;
				CLANG_WARN_BOOL_CONVERSION = YES;
				CLANG_WARN_CONSTANT_CONVERSION = YES;
				CLANG_WARN_DIRECT_OBJC_ISA_USAGE = YES_ERROR;
				CLANG_WARN_EMPTY_BODY = YES;
				CLANG_WARN_ENUM_CONVERSION = YES;
				CLANG_WARN_INT_CONVERSION = YES;
				CLANG_WARN_OBJC_ROOT_CLASS = YES_ERROR;
				CLANG_WARN_UNREACHABLE_CODE = YES;
				CLANG_WARN__DUPLICATE_METHOD_MATCH = YES;
				"CODE_SIGN_IDENTITY[sdk=iphoneos*]" = "iPhone Developer";
				COPY_PHASE_STRIP = NO;
				DEBUG_INFORMATION_FORMAT = "dwarf-with-dsym";
				ENABLE_NS_ASSERTIONS = NO;
				ENABLE_STRICT_OBJC_MSGSEND = YES;
				GCC_C_LANGUAGE_STANDARD = gnu99;
				GCC_NO_COMMON_BLOCKS = YES;
				GCC_WARN_64_TO_32_BIT_CONVERSION = YES;
				GCC_WARN_ABOUT_RETURN_TYPE = YES_ERROR;
				GCC_WARN_UNDECLARED_SELECTOR = YES;
				GCC_WARN_UNINITIALIZED_AUTOS = YES_AGGRESSIVE;
				GCC_WARN_UNUSED_FUNCTION = YES;
				GCC_WARN_UNUSED_VARIABLE = YES;
				IPHONEOS_DEPLOYMENT_TARGET = 9.1;
				MTL_ENABLE_DEBUG_INFO = NO;
				SDKROOT = iphoneos;
				VALIDATE_PRODUCT = YES;
			};
			name = Release;
		};
		5143C2BD1C0FA1B900D331D9 /* Debug */ = {
			isa = XCBuildConfiguration;
			buildSettings = {
				ASSETCATALOG_COMPILER_APPICON_NAME = AppIcon;
				INFOPLIST_FILE = UIKitDynamics/Info.plist;
				LD_RUNPATH_SEARCH_PATHS = "$(inherited) @executable_path/Frameworks";
				PRODUCT_BUNDLE_IDENTIFIER = com.appstarter.UIKitDynamics;
				PRODUCT_NAME = "$(TARGET_NAME)";
			};
			name = Debug;
		};
		5143C2BE1C0FA1B900D331D9 /* Release */ = {
			isa = XCBuildConfiguration;
			buildSettings = {
				ASSETCATALOG_COMPILER_APPICON_NAME = AppIcon;
				INFOPLIST_FILE = UIKitDynamics/Info.plist;
				LD_RUNPATH_SEARCH_PATHS = "$(inherited) @executable_path/Frameworks";
				PRODUCT_BUNDLE_IDENTIFIER = com.appstarter.UIKitDynamics;
				PRODUCT_NAME = "$(TARGET_NAME)";
			};
			name = Release;
		};
/* End XCBuildConfiguration section */

/* Begin XCConfigurationList section */
		5143C2A51C0FA1B900D331D9 /* Build configuration list for PBXProject "UIKitDynamics" */ = {
			isa = XCConfigurationList;
			buildConfigurations = (
				5143C2BA1C0FA1B900D331D9 /* Debug */,
				5143C2BB1C0FA1B900D331D9 /* Release */,
			);
			defaultConfigurationIsVisible = 0;
			defaultConfigurationName = Release;
		};
		5143C2BC1C0FA1B900D331D9 /* Build configuration list for PBXNativeTarget "UIKitDynamics" */ = {
			isa = XCConfigurationList;
			buildConfigurations = (
				5143C2BD1C0FA1B900D331D9 /* Debug */,
				5143C2BE1C0FA1B900D331D9 /* Release */,
			);
			defaultConfigurationIsVisible = 0;
			defaultConfigurationName = Release;
		};
/* End XCConfigurationList section */
	};
	rootObject = 5143C2A21C0FA1B900D331D9 /* Project object */;
}
